
Microsoft Visual Studio Solution File, Format Version 12.00
# Visual Studio Version 17
VisualStudioVersion = 17.0.31903.59
MinimumVisualStudioVersion = 10.0.40219.1
Project("{FAE04EC0-301F-11D3-BF4B-00C04F79EFBC}") = "Domain.Common", "Domain.Common\Domain.Common.csproj", "{C09A8565-E489-4BD5-A434-E749106F0FBB}"
EndProject
Project("{FAE04EC0-301F-11D3-BF4B-00C04F79EFBC}") = "Utils.Common", "Utils.Common\Utils.Common.csproj", "{DC29DB87-1BA6-4B52-ABAC-DDE6AFE00C03}"
EndProject
Project("{FAE04EC0-301F-11D3-BF4B-00C04F79EFBC}") = "Application.Common", "Application.Common\Application.Common.csproj", "{15028FBB-91FA-4AFC-8DBF-C41314ECCC97}"
EndProject
Project("{FAE04EC0-301F-11D3-BF4B-00C04F79EFBC}") = "Infrastructure.Common", "Infrastructure.Common\Infrastructure.Common.csproj", "{3436B64E-E965-4751-9B67-8D9AE7D4A993}"
EndProject
Project("{FAE04EC0-301F-11D3-BF4B-00C04F79EFBC}") = "Persistence.Common", "Persistence.Common\Persistence.Common.csproj", "{485FA83C-587C-483E-8258-770C923C8B22}"
EndProject
Project("{FAE04EC0-301F-11D3-BF4B-00C04F79EFBC}") = "Common.Tests", "Common.Tests\Common.Tests.csproj", "{0A564EDF-41F7-42F5-9673-7618319A0F77}"
EndProject
Project("{2150E333-8FDC-42A3-9474-1A3956D46DE8}") = "samples", "samples", "{5D20AA90-6969-D8BD-9DCD-8634F4692FDA}"
EndProject
Project("{FAE04EC0-301F-11D3-BF4B-00C04F79EFBC}") = "CloudIntegrator.Core", "samples\CloudIntegrator.Core\CloudIntegrator.Core.csproj", "{F3501F3B-B478-41B9-8461-B6DAC1293033}"
EndProject
Project("{FAE04EC0-301F-11D3-BF4B-00C04F79EFBC}") = "CloudIntegrator.API", "samples\CloudIntegrator.API\CloudIntegrator.API.csproj", "{B1C9EAD4-8F4D-49A5-823A-382123FD6E14}"
EndProject
Project("{FAE04EC0-301F-11D3-BF4B-00C04F79EFBC}") = "CloudIntegrator.Tests", "samples\CloudIntegrator.Tests\CloudIntegrator.Tests.csproj", "{688A0D19-1E45-47E4-BEEE-88C0222BFD65}"
EndProject
Global
	GlobalSection(SolutionConfigurationPlatforms) = preSolution
		Debug|Any CPU = Debug|Any CPU
		Debug|x64 = Debug|x64
		Debug|x86 = Debug|x86
		Release|Any CPU = Release|Any CPU
		Release|x64 = Release|x64
		Release|x86 = Release|x86
	EndGlobalSection
	GlobalSection(ProjectConfigurationPlatforms) = postSolution
		{C09A8565-E489-4BD5-A434-E749106F0FBB}.Debug|Any CPU.ActiveCfg = Debug|Any CPU
		{C09A8565-E489-4BD5-A434-E749106F0FBB}.Debug|Any CPU.Build.0 = Debug|Any CPU
		{C09A8565-E489-4BD5-A434-E749106F0FBB}.Debug|x64.ActiveCfg = Debug|Any CPU
		{C09A8565-E489-4BD5-A434-E749106F0FBB}.Debug|x64.Build.0 = Debug|Any CPU
		{C09A8565-E489-4BD5-A434-E749106F0FBB}.Debug|x86.ActiveCfg = Debug|Any CPU
		{C09A8565-E489-4BD5-A434-E749106F0FBB}.Debug|x86.Build.0 = Debug|Any CPU
		{C09A8565-E489-4BD5-A434-E749106F0FBB}.Release|Any CPU.ActiveCfg = Release|Any CPU
		{C09A8565-E489-4BD5-A434-E749106F0FBB}.Release|Any CPU.Build.0 = Release|Any CPU
		{C09A8565-E489-4BD5-A434-E749106F0FBB}.Release|x64.ActiveCfg = Release|Any CPU
		{C09A8565-E489-4BD5-A434-E749106F0FBB}.Release|x64.Build.0 = Release|Any CPU
		{C09A8565-E489-4BD5-A434-E749106F0FBB}.Release|x86.ActiveCfg = Release|Any CPU
		{C09A8565-E489-4BD5-A434-E749106F0FBB}.Release|x86.Build.0 = Release|Any CPU
		{DC29DB87-1BA6-4B52-ABAC-DDE6AFE00C03}.Debug|Any CPU.ActiveCfg = Debug|Any CPU
		{DC29DB87-1BA6-4B52-ABAC-DDE6AFE00C03}.Debug|Any CPU.Build.0 = Debug|Any CPU
		{DC29DB87-1BA6-4B52-ABAC-DDE6AFE00C03}.Debug|x64.ActiveCfg = Debug|Any CPU
		{DC29DB87-1BA6-4B52-ABAC-DDE6AFE00C03}.Debug|x64.Build.0 = Debug|Any CPU
		{DC29DB87-1BA6-4B52-ABAC-DDE6AFE00C03}.Debug|x86.ActiveCfg = Debug|Any CPU
		{DC29DB87-1BA6-4B52-ABAC-DDE6AFE00C03}.Debug|x86.Build.0 = Debug|Any CPU
		{DC29DB87-1BA6-4B52-ABAC-DDE6AFE00C03}.Release|Any CPU.ActiveCfg = Release|Any CPU
		{DC29DB87-1BA6-4B52-ABAC-DDE6AFE00C03}.Release|Any CPU.Build.0 = Release|Any CPU
		{DC29DB87-1BA6-4B52-ABAC-DDE6AFE00C03}.Release|x64.ActiveCfg = Release|Any CPU
		{DC29DB87-1BA6-4B52-ABAC-DDE6AFE00C03}.Release|x64.Build.0 = Release|Any CPU
		{DC29DB87-1BA6-4B52-ABAC-DDE6AFE00C03}.Release|x86.ActiveCfg = Release|Any CPU
		{DC29DB87-1BA6-4B52-ABAC-DDE6AFE00C03}.Release|x86.Build.0 = Release|Any CPU
		{15028FBB-91FA-4AFC-8DBF-C41314ECCC97}.Debug|Any CPU.ActiveCfg = Debug|Any CPU
		{15028FBB-91FA-4AFC-8DBF-C41314ECCC97}.Debug|Any CPU.Build.0 = Debug|Any CPU
		{15028FBB-91FA-4AFC-8DBF-C41314ECCC97}.Debug|x64.ActiveCfg = Debug|Any CPU
		{15028FBB-91FA-4AFC-8DBF-C41314ECCC97}.Debug|x64.Build.0 = Debug|Any CPU
		{15028FBB-91FA-4AFC-8DBF-C41314ECCC97}.Debug|x86.ActiveCfg = Debug|Any CPU
		{15028FBB-91FA-4AFC-8DBF-C41314ECCC97}.Debug|x86.Build.0 = Debug|Any CPU
		{15028FBB-91FA-4AFC-8DBF-C41314ECCC97}.Release|Any CPU.ActiveCfg = Release|Any CPU
		{15028FBB-91FA-4AFC-8DBF-C41314ECCC97}.Release|Any CPU.Build.0 = Release|Any CPU
		{15028FBB-91FA-4AFC-8DBF-C41314ECCC97}.Release|x64.ActiveCfg = Release|Any CPU
		{15028FBB-91FA-4AFC-8DBF-C41314ECCC97}.Release|x64.Build.0 = Release|Any CPU
		{15028FBB-91FA-4AFC-8DBF-C41314ECCC97}.Release|x86.ActiveCfg = Release|Any CPU
		{15028FBB-91FA-4AFC-8DBF-C41314ECCC97}.Release|x86.Build.0 = Release|Any CPU
		{3436B64E-E965-4751-9B67-8D9AE7D4A993}.Debug|Any CPU.ActiveCfg = Debug|Any CPU
		{3436B64E-E965-4751-9B67-8D9AE7D4A993}.Debug|Any CPU.Build.0 = Debug|Any CPU
		{3436B64E-E965-4751-9B67-8D9AE7D4A993}.Debug|x64.ActiveCfg = Debug|Any CPU
		{3436B64E-E965-4751-9B67-8D9AE7D4A993}.Debug|x64.Build.0 = Debug|Any CPU
		{3436B64E-E965-4751-9B67-8D9AE7D4A993}.Debug|x86.ActiveCfg = Debug|Any CPU
		{3436B64E-E965-4751-9B67-8D9AE7D4A993}.Debug|x86.Build.0 = Debug|Any CPU
		{3436B64E-E965-4751-9B67-8D9AE7D4A993}.Release|Any CPU.ActiveCfg = Release|Any CPU
		{3436B64E-E965-4751-9B67-8D9AE7D4A993}.Release|Any CPU.Build.0 = Release|Any CPU
		{3436B64E-E965-4751-9B67-8D9AE7D4A993}.Release|x64.ActiveCfg = Release|Any CPU
		{3436B64E-E965-4751-9B67-8D9AE7D4A993}.Release|x64.Build.0 = Release|Any CPU
		{3436B64E-E965-4751-9B67-8D9AE7D4A993}.Release|x86.ActiveCfg = Release|Any CPU
		{3436B64E-E965-4751-9B67-8D9AE7D4A993}.Release|x86.Build.0 = Release|Any CPU
		{485FA83C-587C-483E-8258-770C923C8B22}.Debug|Any CPU.ActiveCfg = Debug|Any CPU
		{485FA83C-587C-483E-8258-770C923C8B22}.Debug|Any CPU.Build.0 = Debug|Any CPU
		{485FA83C-587C-483E-8258-770C923C8B22}.Debug|x64.ActiveCfg = Debug|Any CPU
		{485FA83C-587C-483E-8258-770C923C8B22}.Debug|x64.Build.0 = Debug|Any CPU
		{485FA83C-587C-483E-8258-770C923C8B22}.Debug|x86.ActiveCfg = Debug|Any CPU
		{485FA83C-587C-483E-8258-770C923C8B22}.Debug|x86.Build.0 = Debug|Any CPU
		{485FA83C-587C-483E-8258-770C923C8B22}.Release|Any CPU.ActiveCfg = Release|Any CPU
		{485FA83C-587C-483E-8258-770C923C8B22}.Release|Any CPU.Build.0 = Release|Any CPU
		{485FA83C-587C-483E-8258-770C923C8B22}.Release|x64.ActiveCfg = Release|Any CPU
		{485FA83C-587C-483E-8258-770C923C8B22}.Release|x64.Build.0 = Release|Any CPU
		{485FA83C-587C-483E-8258-770C923C8B22}.Release|x86.ActiveCfg = Release|Any CPU
		{485FA83C-587C-483E-8258-770C923C8B22}.Release|x86.Build.0 = Release|Any CPU
		{0A564EDF-41F7-42F5-9673-7618319A0F77}.Debug|Any CPU.ActiveCfg = Debug|Any CPU
		{0A564EDF-41F7-42F5-9673-7618319A0F77}.Debug|Any CPU.Build.0 = Debug|Any CPU
		{0A564EDF-41F7-42F5-9673-7618319A0F77}.Debug|x64.ActiveCfg = Debug|Any CPU
		{0A564EDF-41F7-42F5-9673-7618319A0F77}.Debug|x64.Build.0 = Debug|Any CPU
		{0A564EDF-41F7-42F5-9673-7618319A0F77}.Debug|x86.ActiveCfg = Debug|Any CPU
		{0A564EDF-41F7-42F5-9673-7618319A0F77}.Debug|x86.Build.0 = Debug|Any CPU
		{0A564EDF-41F7-42F5-9673-7618319A0F77}.Release|Any CPU.ActiveCfg = Release|Any CPU
		{0A564EDF-41F7-42F5-9673-7618319A0F77}.Release|Any CPU.Build.0 = Release|Any CPU
		{0A564EDF-41F7-42F5-9673-7618319A0F77}.Release|x64.ActiveCfg = Release|Any CPU
		{0A564EDF-41F7-42F5-9673-7618319A0F77}.Release|x64.Build.0 = Release|Any CPU
		{0A564EDF-41F7-42F5-9673-7618319A0F77}.Release|x86.ActiveCfg = Release|Any CPU
		{0A564EDF-41F7-42F5-9673-7618319A0F77}.Release|x86.Build.0 = Release|Any CPU
		{F3501F3B-B478-41B9-8461-B6DAC1293033}.Debug|Any CPU.ActiveCfg = Debug|Any CPU
		{F3501F3B-B478-41B9-8461-B6DAC1293033}.Debug|Any CPU.Build.0 = Debug|Any CPU
		{F3501F3B-B478-41B9-8461-B6DAC1293033}.Debug|x64.ActiveCfg = Debug|Any CPU
		{F3501F3B-B478-41B9-8461-B6DAC1293033}.Debug|x64.Build.0 = Debug|Any CPU
		{F3501F3B-B478-41B9-8461-B6DAC1293033}.Debug|x86.ActiveCfg = Debug|Any CPU
		{F3501F3B-B478-41B9-8461-B6DAC1293033}.Debug|x86.Build.0 = Debug|Any CPU
		{F3501F3B-B478-41B9-8461-B6DAC1293033}.Release|Any CPU.ActiveCfg = Release|Any CPU
		{F3501F3B-B478-41B9-8461-B6DAC1293033}.Release|Any CPU.Build.0 = Release|Any CPU
		{F3501F3B-B478-41B9-8461-B6DAC1293033}.Release|x64.ActiveCfg = Release|Any CPU
		{F3501F3B-B478-41B9-8461-B6DAC1293033}.Release|x64.Build.0 = Release|Any CPU
		{F3501F3B-B478-41B9-8461-B6DAC1293033}.Release|x86.ActiveCfg = Release|Any CPU
		{F3501F3B-B478-41B9-8461-B6DAC1293033}.Release|x86.Build.0 = Release|Any CPU
		{B1C9EAD4-8F4D-49A5-823A-382123FD6E14}.Debug|Any CPU.ActiveCfg = Debug|Any CPU
		{B1C9EAD4-8F4D-49A5-823A-382123FD6E14}.Debug|Any CPU.Build.0 = Debug|Any CPU
		{B1C9EAD4-8F4D-49A5-823A-382123FD6E14}.Debug|x64.ActiveCfg = Debug|Any CPU
		{B1C9EAD4-8F4D-49A5-823A-382123FD6E14}.Debug|x64.Build.0 = Debug|Any CPU
		{B1C9EAD4-8F4D-49A5-823A-382123FD6E14}.Debug|x86.ActiveCfg = Debug|Any CPU
		{B1C9EAD4-8F4D-49A5-823A-382123FD6E14}.Debug|x86.Build.0 = Debug|Any CPU
		{B1C9EAD4-8F4D-49A5-823A-382123FD6E14}.Release|Any CPU.ActiveCfg = Release|Any CPU
		{B1C9EAD4-8F4D-49A5-823A-382123FD6E14}.Release|Any CPU.Build.0 = Release|Any CPU
		{B1C9EAD4-8F4D-49A5-823A-382123FD6E14}.Release|x64.ActiveCfg = Release|Any CPU
		{B1C9EAD4-8F4D-49A5-823A-382123FD6E14}.Release|x64.Build.0 = Release|Any CPU
		{B1C9EAD4-8F4D-49A5-823A-382123FD6E14}.Release|x86.ActiveCfg = Release|Any CPU
		{B1C9EAD4-8F4D-49A5-823A-382123FD6E14}.Release|x86.Build.0 = Release|Any CPU
		{688A0D19-1E45-47E4-BEEE-88C0222BFD65}.Debug|Any CPU.ActiveCfg = Debug|Any CPU
		{688A0D19-1E45-47E4-BEEE-88C0222BFD65}.Debug|Any CPU.Build.0 = Debug|Any CPU
		{688A0D19-1E45-47E4-BEEE-88C0222BFD65}.Debug|x64.ActiveCfg = Debug|Any CPU
		{688A0D19-1E45-47E4-BEEE-88C0222BFD65}.Debug|x64.Build.0 = Debug|Any CPU
		{688A0D19-1E45-47E4-BEEE-88C0222BFD65}.Debug|x86.ActiveCfg = Debug|Any CPU
		{688A0D19-1E45-47E4-BEEE-88C0222BFD65}.Debug|x86.Build.0 = Debug|Any CPU
		{688A0D19-1E45-47E4-BEEE-88C0222BFD65}.Release|Any CPU.ActiveCfg = Release|Any CPU
		{688A0D19-1E45-47E4-BEEE-88C0222BFD65}.Release|Any CPU.Build.0 = Release|Any CPU
		{688A0D19-1E45-47E4-BEEE-88C0222BFD65}.Release|x64.ActiveCfg = Release|Any CPU
		{688A0D19-1E45-47E4-BEEE-88C0222BFD65}.Release|x64.Build.0 = Release|Any CPU
		{688A0D19-1E45-47E4-BEEE-88C0222BFD65}.Release|x86.ActiveCfg = Release|Any CPU
		{688A0D19-1E45-47E4-BEEE-88C0222BFD65}.Release|x86.Build.0 = Release|Any CPU
	EndGlobalSection
	GlobalSection(SolutionProperties) = preSolution
		HideSolutionNode = FALSE
	EndGlobalSection
	GlobalSection(NestedProjects) = preSolution
		{F3501F3B-B478-41B9-8461-B6DAC1293033} = {5D20AA90-6969-D8BD-9DCD-8634F4692FDA}
		{B1C9EAD4-8F4D-49A5-823A-382123FD6E14} = {5D20AA90-6969-D8BD-9DCD-8634F4692FDA}
		{688A0D19-1E45-47E4-BEEE-88C0222BFD65} = {5D20AA90-6969-D8BD-9DCD-8634F4692FDA}
	EndGlobalSection
EndGlobal
